
Microsoft Visual Studio Solution File, Format Version 12.00
# Visual Studio Version 17
VisualStudioVersion = 17.0.31903.59
MinimumVisualStudioVersion = 10.0.40219.1
Project("{2150E333-8FDC-42A3-9474-1A3956D46DE8}") = "src", "src", "{827E0CD3-B72D-47B6-A68D-7590B98EB39B}"
EndProject
Project("{FAE04EC0-301F-11D3-BF4B-00C04F79EFBC}") = "WebApi", "src\WebApi\WebApi.csproj", "{C785E191-3B9D-4CAB-AD8A-B95DCB468F10}"
	ProjectSection(ProjectDependencies) = postProject
		{1215DF8F-115D-4453-B9A1-7FD33D0DC51D} = {1215DF8F-115D-4453-B9A1-7FD33D0DC51D}
	EndProjectSection
EndProject
Project("{FAE04EC0-301F-11D3-BF4B-00C04F79EFBC}") = "Application", "src\Application\Application.csproj", "{7FD61A52-21C1-4371-AF27-12FF4D399FE0}"
EndProject
Project("{FAE04EC0-301F-11D3-BF4B-00C04F79EFBC}") = "Domain", "src\Domain\Domain.csproj", "{1215DF8F-115D-4453-B9A1-7FD33D0DC51D}"
EndProject
Project("{FAE04EC0-301F-11D3-BF4B-00C04F79EFBC}") = "Infrastructure", "src\Infrastructure\Infrastructure.csproj", "{AEA6A1C4-7292-496C-A5E2-6204222BB0C7}"
EndProject
Project("{2150E333-8FDC-42A3-9474-1A3956D46DE8}") = "tests", "tests", "{0AB3BF05-4346-4AA6-1389-037BE0695223}"
EndProject
Project("{FAE04EC0-301F-11D3-BF4B-00C04F79EFBC}") = "UnitTests", "tests\UnitTests\UnitTests.csproj", "{086C2AA3-BC6C-4180-AF31-DFEF684A81CD}"
EndProject
Project("{FAE04EC0-301F-11D3-BF4B-00C04F79EFBC}") = "IntegrationTests", "tests\IntegrationTests\IntegrationTests.csproj", "{FAF030A5-7DC4-4457-8591-3693B5B07524}"
EndProject
Global
	GlobalSection(SolutionConfigurationPlatforms) = preSolution
		Debug|Any CPU = Debug|Any CPU
		Debug|x64 = Debug|x64
		Debug|x86 = Debug|x86
		Release|Any CPU = Release|Any CPU
		Release|x64 = Release|x64
		Release|x86 = Release|x86
	EndGlobalSection
	GlobalSection(ProjectConfigurationPlatforms) = postSolution
		{C785E191-3B9D-4CAB-AD8A-B95DCB468F10}.Debug|Any CPU.ActiveCfg = Debug|Any CPU
		{C785E191-3B9D-4CAB-AD8A-B95DCB468F10}.Debug|Any CPU.Build.0 = Debug|Any CPU
		{C785E191-3B9D-4CAB-AD8A-B95DCB468F10}.Debug|x64.ActiveCfg = Debug|Any CPU
		{C785E191-3B9D-4CAB-AD8A-B95DCB468F10}.Debug|x64.Build.0 = Debug|Any CPU
		{C785E191-3B9D-4CAB-AD8A-B95DCB468F10}.Debug|x86.ActiveCfg = Debug|Any CPU
		{C785E191-3B9D-4CAB-AD8A-B95DCB468F10}.Debug|x86.Build.0 = Debug|Any CPU
		{C785E191-3B9D-4CAB-AD8A-B95DCB468F10}.Release|Any CPU.ActiveCfg = Release|Any CPU
		{C785E191-3B9D-4CAB-AD8A-B95DCB468F10}.Release|Any CPU.Build.0 = Release|Any CPU
		{C785E191-3B9D-4CAB-AD8A-B95DCB468F10}.Release|x64.ActiveCfg = Release|Any CPU
		{C785E191-3B9D-4CAB-AD8A-B95DCB468F10}.Release|x64.Build.0 = Release|Any CPU
		{C785E191-3B9D-4CAB-AD8A-B95DCB468F10}.Release|x86.ActiveCfg = Release|Any CPU
		{C785E191-3B9D-4CAB-AD8A-B95DCB468F10}.Release|x86.Build.0 = Release|Any CPU
		{7FD61A52-21C1-4371-AF27-12FF4D399FE0}.Debug|Any CPU.ActiveCfg = Debug|Any CPU
		{7FD61A52-21C1-4371-AF27-12FF4D399FE0}.Debug|Any CPU.Build.0 = Debug|Any CPU
		{7FD61A52-21C1-4371-AF27-12FF4D399FE0}.Debug|x64.ActiveCfg = Debug|Any CPU
		{7FD61A52-21C1-4371-AF27-12FF4D399FE0}.Debug|x64.Build.0 = Debug|Any CPU
		{7FD61A52-21C1-4371-AF27-12FF4D399FE0}.Debug|x86.ActiveCfg = Debug|Any CPU
		{7FD61A52-21C1-4371-AF27-12FF4D399FE0}.Debug|x86.Build.0 = Debug|Any CPU
		{7FD61A52-21C1-4371-AF27-12FF4D399FE0}.Release|Any CPU.ActiveCfg = Release|Any CPU
		{7FD61A52-21C1-4371-AF27-12FF4D399FE0}.Release|Any CPU.Build.0 = Release|Any CPU
		{7FD61A52-21C1-4371-AF27-12FF4D399FE0}.Release|x64.ActiveCfg = Release|Any CPU
		{7FD61A52-21C1-4371-AF27-12FF4D399FE0}.Release|x64.Build.0 = Release|Any CPU
		{7FD61A52-21C1-4371-AF27-12FF4D399FE0}.Release|x86.ActiveCfg = Release|Any CPU
		{7FD61A52-21C1-4371-AF27-12FF4D399FE0}.Release|x86.Build.0 = Release|Any CPU
		{1215DF8F-115D-4453-B9A1-7FD33D0DC51D}.Debug|Any CPU.ActiveCfg = Debug|Any CPU
		{1215DF8F-115D-4453-B9A1-7FD33D0DC51D}.Debug|Any CPU.Build.0 = Debug|Any CPU
		{1215DF8F-115D-4453-B9A1-7FD33D0DC51D}.Debug|x64.ActiveCfg = Debug|Any CPU
		{1215DF8F-115D-4453-B9A1-7FD33D0DC51D}.Debug|x64.Build.0 = Debug|Any CPU
		{1215DF8F-115D-4453-B9A1-7FD33D0DC51D}.Debug|x86.ActiveCfg = Debug|Any CPU
		{1215DF8F-115D-4453-B9A1-7FD33D0DC51D}.Debug|x86.Build.0 = Debug|Any CPU
		{1215DF8F-115D-4453-B9A1-7FD33D0DC51D}.Release|Any CPU.ActiveCfg = Release|Any CPU
		{1215DF8F-115D-4453-B9A1-7FD33D0DC51D}.Release|Any CPU.Build.0 = Release|Any CPU
		{1215DF8F-115D-4453-B9A1-7FD33D0DC51D}.Release|x64.ActiveCfg = Release|Any CPU
		{1215DF8F-115D-4453-B9A1-7FD33D0DC51D}.Release|x64.Build.0 = Release|Any CPU
		{1215DF8F-115D-4453-B9A1-7FD33D0DC51D}.Release|x86.ActiveCfg = Release|Any CPU
		{1215DF8F-115D-4453-B9A1-7FD33D0DC51D}.Release|x86.Build.0 = Release|Any CPU
		{AEA6A1C4-7292-496C-A5E2-6204222BB0C7}.Debug|Any CPU.ActiveCfg = Debug|Any CPU
		{AEA6A1C4-7292-496C-A5E2-6204222BB0C7}.Debug|Any CPU.Build.0 = Debug|Any CPU
		{AEA6A1C4-7292-496C-A5E2-6204222BB0C7}.Debug|x64.ActiveCfg = Debug|Any CPU
		{AEA6A1C4-7292-496C-A5E2-6204222BB0C7}.Debug|x64.Build.0 = Debug|Any CPU
		{AEA6A1C4-7292-496C-A5E2-6204222BB0C7}.Debug|x86.ActiveCfg = Debug|Any CPU
		{AEA6A1C4-7292-496C-A5E2-6204222BB0C7}.Debug|x86.Build.0 = Debug|Any CPU
		{AEA6A1C4-7292-496C-A5E2-6204222BB0C7}.Release|Any CPU.ActiveCfg = Release|Any CPU
		{AEA6A1C4-7292-496C-A5E2-6204222BB0C7}.Release|Any CPU.Build.0 = Release|Any CPU
		{AEA6A1C4-7292-496C-A5E2-6204222BB0C7}.Release|x64.ActiveCfg = Release|Any CPU
		{AEA6A1C4-7292-496C-A5E2-6204222BB0C7}.Release|x64.Build.0 = Release|Any CPU
		{AEA6A1C4-7292-496C-A5E2-6204222BB0C7}.Release|x86.ActiveCfg = Release|Any CPU
		{AEA6A1C4-7292-496C-A5E2-6204222BB0C7}.Release|x86.Build.0 = Release|Any CPU
		{086C2AA3-BC6C-4180-AF31-DFEF684A81CD}.Debug|Any CPU.ActiveCfg = Debug|Any CPU
		{086C2AA3-BC6C-4180-AF31-DFEF684A81CD}.Debug|Any CPU.Build.0 = Debug|Any CPU
		{086C2AA3-BC6C-4180-AF31-DFEF684A81CD}.Debug|x64.ActiveCfg = Debug|Any CPU
		{086C2AA3-BC6C-4180-AF31-DFEF684A81CD}.Debug|x64.Build.0 = Debug|Any CPU
		{086C2AA3-BC6C-4180-AF31-DFEF684A81CD}.Debug|x86.ActiveCfg = Debug|Any CPU
		{086C2AA3-BC6C-4180-AF31-DFEF684A81CD}.Debug|x86.Build.0 = Debug|Any CPU
		{086C2AA3-BC6C-4180-AF31-DFEF684A81CD}.Release|Any CPU.ActiveCfg = Release|Any CPU
		{086C2AA3-BC6C-4180-AF31-DFEF684A81CD}.Release|Any CPU.Build.0 = Release|Any CPU
		{086C2AA3-BC6C-4180-AF31-DFEF684A81CD}.Release|x64.ActiveCfg = Release|Any CPU
		{086C2AA3-BC6C-4180-AF31-DFEF684A81CD}.Release|x64.Build.0 = Release|Any CPU
		{086C2AA3-BC6C-4180-AF31-DFEF684A81CD}.Release|x86.ActiveCfg = Release|Any CPU
		{086C2AA3-BC6C-4180-AF31-DFEF684A81CD}.Release|x86.Build.0 = Release|Any CPU
		{FAF030A5-7DC4-4457-8591-3693B5B07524}.Debug|Any CPU.ActiveCfg = Debug|Any CPU
		{FAF030A5-7DC4-4457-8591-3693B5B07524}.Debug|Any CPU.Build.0 = Debug|Any CPU
		{FAF030A5-7DC4-4457-8591-3693B5B07524}.Debug|x64.ActiveCfg = Debug|Any CPU
		{FAF030A5-7DC4-4457-8591-3693B5B07524}.Debug|x64.Build.0 = Debug|Any CPU
		{FAF030A5-7DC4-4457-8591-3693B5B07524}.Debug|x86.ActiveCfg = Debug|Any CPU
		{FAF030A5-7DC4-4457-8591-3693B5B07524}.Debug|x86.Build.0 = Debug|Any CPU
		{FAF030A5-7DC4-4457-8591-3693B5B07524}.Release|Any CPU.ActiveCfg = Release|Any CPU
		{FAF030A5-7DC4-4457-8591-3693B5B07524}.Release|Any CPU.Build.0 = Release|Any CPU
		{FAF030A5-7DC4-4457-8591-3693B5B07524}.Release|x64.ActiveCfg = Release|Any CPU
		{FAF030A5-7DC4-4457-8591-3693B5B07524}.Release|x64.Build.0 = Release|Any CPU
		{FAF030A5-7DC4-4457-8591-3693B5B07524}.Release|x86.ActiveCfg = Release|Any CPU
		{FAF030A5-7DC4-4457-8591-3693B5B07524}.Release|x86.Build.0 = Release|Any CPU
	EndGlobalSection
	GlobalSection(SolutionProperties) = preSolution
		HideSolutionNode = FALSE
	EndGlobalSection
	GlobalSection(NestedProjects) = preSolution
		{C785E191-3B9D-4CAB-AD8A-B95DCB468F10} = {827E0CD3-B72D-47B6-A68D-7590B98EB39B}
		{7FD61A52-21C1-4371-AF27-12FF4D399FE0} = {827E0CD3-B72D-47B6-A68D-7590B98EB39B}
		{1215DF8F-115D-4453-B9A1-7FD33D0DC51D} = {827E0CD3-B72D-47B6-A68D-7590B98EB39B}
		{AEA6A1C4-7292-496C-A5E2-6204222BB0C7} = {827E0CD3-B72D-47B6-A68D-7590B98EB39B}
		{086C2AA3-BC6C-4180-AF31-DFEF684A81CD} = {0AB3BF05-4346-4AA6-1389-037BE0695223}
		{FAF030A5-7DC4-4457-8591-3693B5B07524} = {0AB3BF05-4346-4AA6-1389-037BE0695223}
	EndGlobalSection
	GlobalSection(ExtensibilityGlobals) = postSolution
		SolutionGuid = {7E196B4F-E310-4E43-A7E8-442B07C2ADBB}
	EndGlobalSection
EndGlobal
